
Microsoft Visual Studio Solution File, Format Version 12.00
# Visual Studio Version 17
VisualStudioVersion = 17.7.34031.279
MinimumVisualStudioVersion = 10.0.40219.1
Project("{FAE04EC0-301F-11D3-BF4B-00C04F79EFBC}") = "WebApplication01L", "WebApplication01L.csproj", "{1464C70B-C66F-4A2F-A2A1-14A3814D7BA9}"
EndProject
Project("{FAE04EC0-301F-11D3-BF4B-00C04F79EFBC}") = "WebApplication01L02", "..\WebApplication01L02\WebApplication01L02.csproj", "{8AB4DE3F-A40F-45A1-BE61-742325BCAF6A}"
EndProject
Global
	GlobalSection(SolutionConfigurationPlatforms) = preSolution
		Debug|Any CPU = Debug|Any CPU
		Release|Any CPU = Release|Any CPU
	EndGlobalSection
	GlobalSection(ProjectConfigurationPlatforms) = postSolution
		{1464C70B-C66F-4A2F-A2A1-14A3814D7BA9}.Debug|Any CPU.ActiveCfg = Debug|Any CPU
		{1464C70B-C66F-4A2F-A2A1-14A3814D7BA9}.Debug|Any CPU.Build.0 = Debug|Any CPU
		{1464C70B-C66F-4A2F-A2A1-14A3814D7BA9}.Release|Any CPU.ActiveCfg = Release|Any CPU
		{1464C70B-C66F-4A2F-A2A1-14A3814D7BA9}.Release|Any CPU.Build.0 = Release|Any CPU
		{8AB4DE3F-A40F-45A1-BE61-742325BCAF6A}.Debug|Any CPU.ActiveCfg = Debug|Any CPU
		{8AB4DE3F-A40F-45A1-BE61-742325BCAF6A}.Debug|Any CPU.Build.0 = Debug|Any CPU
		{8AB4DE3F-A40F-45A1-BE61-742325BCAF6A}.Release|Any CPU.ActiveCfg = Release|Any CPU
		{8AB4DE3F-A40F-45A1-BE61-742325BCAF6A}.Release|Any CPU.Build.0 = Release|Any CPU
	EndGlobalSection
	GlobalSection(SolutionProperties) = preSolution
		HideSolutionNode = FALSE
	EndGlobalSection
	GlobalSection(ExtensibilityGlobals) = postSolution
		SolutionGuid = {4B72D630-E1F4-44CD-9670-6E0A9CA17175}
	EndGlobalSection
EndGlobal
